
Microsoft Visual Studio Solution File, Format Version 12.00
# Visual Studio Version 17
VisualStudioVersion = 17.10.35027.167
MinimumVisualStudioVersion = 10.0.40219.1
Project("{9A19103F-16F7-4668-BE54-9A1E7A4F7556}") = "Funrniture", "Funrniture.csproj", "{A14952EB-649C-485F-9E27-8CE8AFC64743}"
EndProject
Global
	GlobalSection(SolutionConfigurationPlatforms) = preSolution
		Debug|Any CPU = Debug|Any CPU
		Release|Any CPU = Release|Any CPU
	EndGlobalSection
	GlobalSection(ProjectConfigurationPlatforms) = postSolution
		{A14952EB-649C-485F-9E27-8CE8AFC64743}.Debug|Any CPU.ActiveCfg = Debug|Any CPU
		{A14952EB-649C-485F-9E27-8CE8AFC64743}.Debug|Any CPU.Build.0 = Debug|Any CPU
		{A14952EB-649C-485F-9E27-8CE8AFC64743}.Release|Any CPU.ActiveCfg = Release|Any CPU
		{A14952EB-649C-485F-9E27-8CE8AFC64743}.Release|Any CPU.Build.0 = Release|Any CPU
	EndGlobalSection
	GlobalSection(SolutionProperties) = preSolution
		HideSolutionNode = FALSE
	EndGlobalSection
	GlobalSection(ExtensibilityGlobals) = postSolution
		SolutionGuid = {CF8EE26C-7368-4716-9915-D0C2D6CB0359}
	EndGlobalSection
EndGlobal
